
Microsoft Visual Studio Solution File, Format Version 12.00
# Visual Studio 15
VisualStudioVersion = 15.0.27703.2035
MinimumVisualStudioVersion = 10.0.40219.1
Project("{FAE04EC0-301F-11D3-BF4B-00C04F79EFBC}") = "PIT", "PIT\PIT.csproj", "{8C2A2D0E-AA2A-426F-9542-CC4ECEA5416D}"
EndProject
Global
	GlobalSection(SolutionConfigurationPlatforms) = preSolution
		Debug|Any CPU = Debug|Any CPU
		Release|Any CPU = Release|Any CPU
	EndGlobalSection
	GlobalSection(ProjectConfigurationPlatforms) = postSolution
		{8C2A2D0E-AA2A-426F-9542-CC4ECEA5416D}.Debug|Any CPU.ActiveCfg = Debug|Any CPU
		{8C2A2D0E-AA2A-426F-9542-CC4ECEA5416D}.Debug|Any CPU.Build.0 = Debug|Any CPU
		{8C2A2D0E-AA2A-426F-9542-CC4ECEA5416D}.Release|Any CPU.ActiveCfg = Release|Any CPU
		{8C2A2D0E-AA2A-426F-9542-CC4ECEA5416D}.Release|Any CPU.Build.0 = Release|Any CPU
	EndGlobalSection
	GlobalSection(SolutionProperties) = preSolution
		HideSolutionNode = FALSE
	EndGlobalSection
	GlobalSection(ExtensibilityGlobals) = postSolution
		SolutionGuid = {E8B6D0CD-710F-47C1-B582-CADFDF123F76}
	EndGlobalSection
EndGlobal
